
Microsoft Visual Studio Solution File, Format Version 12.00
# Visual Studio 14
VisualStudioVersion = 14.0.25420.1
MinimumVisualStudioVersion = 10.0.40219.1
Project("{8BC9CEB8-8B4A-11D0-8D11-00A0C91BC942}") = "Indexer_CppBoost", "Indexer_CppBoost\Indexer_CppBoost.vcxproj", "{F7E886A3-3733-47CC-9B83-BA919C22226D}"
EndProject
Project("{8BC9CEB8-8B4A-11D0-8D11-00A0C91BC942}") = "ObjectProfiler", "ObjectProfiler\ObjectProfiler.vcxproj", "{A966131F-49A2-4EE6-9420-CBF6F2E9D827}"
EndProject
Project("{8BC9CEB8-8B4A-11D0-8D11-00A0C91BC942}") = "StateMachine", "StateMachine\StateMachine.vcxproj", "{5D6C2718-4C3C-4FF0-8A9E-6476F9494D80}"
EndProject
Global
	GlobalSection(SolutionConfigurationPlatforms) = preSolution
		Debug|x64 = Debug|x64
		Debug|x86 = Debug|x86
		Release|x64 = Release|x64
		Release|x86 = Release|x86
	EndGlobalSection
	GlobalSection(ProjectConfigurationPlatforms) = postSolution
		{F7E886A3-3733-47CC-9B83-BA919C22226D}.Debug|x64.ActiveCfg = Debug|x64
		{F7E886A3-3733-47CC-9B83-BA919C22226D}.Debug|x64.Build.0 = Debug|x64
		{F7E886A3-3733-47CC-9B83-BA919C22226D}.Debug|x86.ActiveCfg = Debug|Win32
		{F7E886A3-3733-47CC-9B83-BA919C22226D}.Debug|x86.Build.0 = Debug|Win32
		{F7E886A3-3733-47CC-9B83-BA919C22226D}.Release|x64.ActiveCfg = Release|x64
		{F7E886A3-3733-47CC-9B83-BA919C22226D}.Release|x64.Build.0 = Release|x64
		{F7E886A3-3733-47CC-9B83-BA919C22226D}.Release|x86.ActiveCfg = Release|Win32
		{F7E886A3-3733-47CC-9B83-BA919C22226D}.Release|x86.Build.0 = Release|Win32
		{A966131F-49A2-4EE6-9420-CBF6F2E9D827}.Debug|x64.ActiveCfg = Debug|x64
		{A966131F-49A2-4EE6-9420-CBF6F2E9D827}.Debug|x64.Build.0 = Debug|x64
		{A966131F-49A2-4EE6-9420-CBF6F2E9D827}.Debug|x86.ActiveCfg = Debug|Win32
		{A966131F-49A2-4EE6-9420-CBF6F2E9D827}.Debug|x86.Build.0 = Debug|Win32
		{A966131F-49A2-4EE6-9420-CBF6F2E9D827}.Release|x64.ActiveCfg = Release|x64
		{A966131F-49A2-4EE6-9420-CBF6F2E9D827}.Release|x64.Build.0 = Release|x64
		{A966131F-49A2-4EE6-9420-CBF6F2E9D827}.Release|x86.ActiveCfg = Release|Win32
		{A966131F-49A2-4EE6-9420-CBF6F2E9D827}.Release|x86.Build.0 = Release|Win32
		{5D6C2718-4C3C-4FF0-8A9E-6476F9494D80}.Debug|x64.ActiveCfg = Debug|x64
		{5D6C2718-4C3C-4FF0-8A9E-6476F9494D80}.Debug|x64.Build.0 = Debug|x64
		{5D6C2718-4C3C-4FF0-8A9E-6476F9494D80}.Debug|x86.ActiveCfg = Debug|Win32
		{5D6C2718-4C3C-4FF0-8A9E-6476F9494D80}.Debug|x86.Build.0 = Debug|Win32
		{5D6C2718-4C3C-4FF0-8A9E-6476F9494D80}.Release|x64.ActiveCfg = Release|x64
		{5D6C2718-4C3C-4FF0-8A9E-6476F9494D80}.Release|x64.Build.0 = Release|x64
		{5D6C2718-4C3C-4FF0-8A9E-6476F9494D80}.Release|x86.ActiveCfg = Release|Win32
		{5D6C2718-4C3C-4FF0-8A9E-6476F9494D80}.Release|x86.Build.0 = Release|Win32
	EndGlobalSection
	GlobalSection(SolutionProperties) = preSolution
		HideSolutionNode = FALSE
	EndGlobalSection
EndGlobal
